# This file is automatically @generated by Cargo.
# It is not intended for manual editing.
[[package]]
name = "aoc_2020"
version = "0.1.0"
dependencies = [
 "bit-vec",
]

[[package]]
name = "bit-vec"
version = "0.6.2"
source = "registry+https://github.com/rust-lang/crates.io-index"
checksum = "5f0dc55f2d8a1a85650ac47858bb001b4c0dd73d79e3c455a842925e68d29cd3"
